
Microsoft Visual Studio Solution File, Format Version 12.00
# Visual Studio Version 17
VisualStudioVersion = 17.4.33122.133
MinimumVisualStudioVersion = 10.0.40219.1
Project("{FAE04EC0-301F-11D3-BF4B-00C04F79EFBC}") = "MyRSSapi", "MyRSSapi\MyRSSapi.csproj", "{5525D197-C4AD-44C6-9E7C-5EBFB216DCDB}"
EndProject
Global
	GlobalSection(SolutionConfigurationPlatforms) = preSolution
		Debug|Any CPU = Debug|Any CPU
		Release|Any CPU = Release|Any CPU
	EndGlobalSection
	GlobalSection(ProjectConfigurationPlatforms) = postSolution
		{5525D197-C4AD-44C6-9E7C-5EBFB216DCDB}.Debug|Any CPU.ActiveCfg = Debug|Any CPU
		{5525D197-C4AD-44C6-9E7C-5EBFB216DCDB}.Debug|Any CPU.Build.0 = Debug|Any CPU
		{5525D197-C4AD-44C6-9E7C-5EBFB216DCDB}.Release|Any CPU.ActiveCfg = Release|Any CPU
		{5525D197-C4AD-44C6-9E7C-5EBFB216DCDB}.Release|Any CPU.Build.0 = Release|Any CPU
	EndGlobalSection
	GlobalSection(SolutionProperties) = preSolution
		HideSolutionNode = FALSE
	EndGlobalSection
	GlobalSection(ExtensibilityGlobals) = postSolution
		SolutionGuid = {89709F70-2B25-48AD-ADCE-6D3349288046}
	EndGlobalSection
EndGlobal
